
Microsoft Visual Studio Solution File, Format Version 12.00
# Visual Studio 15
VisualStudioVersion = 15.0.27703.2042
MinimumVisualStudioVersion = 10.0.40219.1
Project("{FAE04EC0-301F-11D3-BF4B-00C04F79EFBC}") = "AngularForms", "AngularForms\AngularForms.csproj", "{009C1993-1E79-4E27-9365-F3DF241F7271}"
EndProject
Global
	GlobalSection(SolutionConfigurationPlatforms) = preSolution
		Debug|Any CPU = Debug|Any CPU
		Release|Any CPU = Release|Any CPU
	EndGlobalSection
	GlobalSection(ProjectConfigurationPlatforms) = postSolution
		{009C1993-1E79-4E27-9365-F3DF241F7271}.Debug|Any CPU.ActiveCfg = Debug|Any CPU
		{009C1993-1E79-4E27-9365-F3DF241F7271}.Debug|Any CPU.Build.0 = Debug|Any CPU
		{009C1993-1E79-4E27-9365-F3DF241F7271}.Release|Any CPU.ActiveCfg = Release|Any CPU
		{009C1993-1E79-4E27-9365-F3DF241F7271}.Release|Any CPU.Build.0 = Release|Any CPU
	EndGlobalSection
	GlobalSection(SolutionProperties) = preSolution
		HideSolutionNode = FALSE
	EndGlobalSection
	GlobalSection(ExtensibilityGlobals) = postSolution
		SolutionGuid = {08981E0E-DF62-4FD1-8A61-10AB3C8EA13B}
	EndGlobalSection
EndGlobal
